
Microsoft Visual Studio Solution File, Format Version 12.00
# Visual Studio Version 17
VisualStudioVersion = 17.10.35027.167
MinimumVisualStudioVersion = 10.0.40219.1
Project("{FAE04EC0-301F-11D3-BF4B-00C04F79EFBC}") = "DO_POC.Server", "DO_POC.Server\DO_POC.Server.csproj", "{3B60A71D-D3AD-4DC1-9A93-E69DE51DD3E8}"
EndProject
Project("{54A90642-561A-4BB1-A94E-469ADEE60C69}") = "do_poc.client", "do_poc.client\do_poc.client.esproj", "{E98A0F71-517D-404A-BD3C-793230C40F24}"
EndProject
Global
	GlobalSection(SolutionConfigurationPlatforms) = preSolution
		Debug|Any CPU = Debug|Any CPU
		Release|Any CPU = Release|Any CPU
	EndGlobalSection
	GlobalSection(ProjectConfigurationPlatforms) = postSolution
		{3B60A71D-D3AD-4DC1-9A93-E69DE51DD3E8}.Debug|Any CPU.ActiveCfg = Debug|Any CPU
		{3B60A71D-D3AD-4DC1-9A93-E69DE51DD3E8}.Debug|Any CPU.Build.0 = Debug|Any CPU
		{3B60A71D-D3AD-4DC1-9A93-E69DE51DD3E8}.Release|Any CPU.ActiveCfg = Release|Any CPU
		{3B60A71D-D3AD-4DC1-9A93-E69DE51DD3E8}.Release|Any CPU.Build.0 = Release|Any CPU
		{E98A0F71-517D-404A-BD3C-793230C40F24}.Debug|Any CPU.ActiveCfg = Debug|Any CPU
		{E98A0F71-517D-404A-BD3C-793230C40F24}.Debug|Any CPU.Build.0 = Debug|Any CPU
		{E98A0F71-517D-404A-BD3C-793230C40F24}.Debug|Any CPU.Deploy.0 = Debug|Any CPU
		{E98A0F71-517D-404A-BD3C-793230C40F24}.Release|Any CPU.ActiveCfg = Release|Any CPU
		{E98A0F71-517D-404A-BD3C-793230C40F24}.Release|Any CPU.Build.0 = Release|Any CPU
		{E98A0F71-517D-404A-BD3C-793230C40F24}.Release|Any CPU.Deploy.0 = Release|Any CPU
	EndGlobalSection
	GlobalSection(SolutionProperties) = preSolution
		HideSolutionNode = FALSE
	EndGlobalSection
	GlobalSection(ExtensibilityGlobals) = postSolution
		SolutionGuid = {BE4C76DE-AA3A-4560-98CD-83A082F52E56}
	EndGlobalSection
EndGlobal
